
Microsoft Visual Studio Solution File, Format Version 12.00
# Visual Studio Version 17
VisualStudioVersion = 17.14.36310.24 d17.14
MinimumVisualStudioVersion = 10.0.40219.1
Project("{FAE04EC0-301F-11D3-BF4B-00C04F79EFBC}") = "RealEstateApi", "RealEstateApi\RealEstateApi.csproj", "{433197F3-A86B-48DE-8B4C-6AA4ADAE4547}"
EndProject
Global
	GlobalSection(SolutionConfigurationPlatforms) = preSolution
		Debug|Any CPU = Debug|Any CPU
		Release|Any CPU = Release|Any CPU
	EndGlobalSection
	GlobalSection(ProjectConfigurationPlatforms) = postSolution
		{433197F3-A86B-48DE-8B4C-6AA4ADAE4547}.Debug|Any CPU.ActiveCfg = Debug|Any CPU
		{433197F3-A86B-48DE-8B4C-6AA4ADAE4547}.Debug|Any CPU.Build.0 = Debug|Any CPU
		{433197F3-A86B-48DE-8B4C-6AA4ADAE4547}.Release|Any CPU.ActiveCfg = Release|Any CPU
		{433197F3-A86B-48DE-8B4C-6AA4ADAE4547}.Release|Any CPU.Build.0 = Release|Any CPU
	EndGlobalSection
	GlobalSection(SolutionProperties) = preSolution
		HideSolutionNode = FALSE
	EndGlobalSection
	GlobalSection(ExtensibilityGlobals) = postSolution
		SolutionGuid = {F7B3B999-3014-404F-9D75-79982DD61340}
	EndGlobalSection
EndGlobal
